// !$*UTF8*$!
{
	archiveVersion = 1;
	classes = {
	};
	objectVersion = 55;
	objects = {

/* Begin PBXBuildFile section */
		BC80C481285E148D0038F41B /* AppDelegate.swift in Sources */ = {isa = PBXBuildFile; fileRef = BC80C480285E148D0038F41B /* AppDelegate.swift */; };
		BC80C483285E148D0038F41B /* SceneDelegate.swift in Sources */ = {isa = PBXBuildFile; fileRef = BC80C482285E148D0038F41B /* SceneDelegate.swift */; };
		BC80C485285E148D0038F41B /* FirstScreenVC.swift in Sources */ = {isa = PBXBuildFile; fileRef = BC80C484285E148D0038F41B /* FirstScreenVC.swift */; };
		BC80C48A285E14900038F41B /* Assets.xcassets in Resources */ = {isa = PBXBuildFile; fileRef = BC80C489285E14900038F41B /* Assets.xcassets */; };
		BC80C48D285E14900038F41B /* LaunchScreen.storyboard in Resources */ = {isa = PBXBuildFile; fileRef = BC80C48B285E14900038F41B /* LaunchScreen.storyboard */; };
		BC80C495285E15960038F41B /* SecondScreenVC.swift in Sources */ = {isa = PBXBuildFile; fileRef = BC80C494285E15960038F41B /* SecondScreenVC.swift */; };
		BC80C499285E1C2F0038F41B /* InitialNavController.swift in Sources */ = {isa = PBXBuildFile; fileRef = BC80C498285E1C2F0038F41B /* InitialNavController.swift */; };
		BC80C49D285E1E490038F41B /* FirstScreenButton.swift in Sources */ = {isa = PBXBuildFile; fileRef = BC80C49C285E1E490038F41B /* FirstScreenButton.swift */; };
		BC80C4A0285E22F30038F41B /* UIView+Ext.swift in Sources */ = {isa = PBXBuildFile; fileRef = BC80C49F285E22F30038F41B /* UIView+Ext.swift */; };
/* End PBXBuildFile section */

/* Begin PBXFileReference section */
		BC80C47D285E148D0038F41B /* GCD_test_one.app */ = {isa = PBXFileReference; explicitFileType = wrapper.application; includeInIndex = 0; path = GCD_test_one.app; sourceTree = BUILT_PRODUCTS_DIR; };
		BC80C480285E148D0038F41B /* AppDelegate.swift */ = {isa = PBXFileReference; lastKnownFileType = sourcecode.swift; path = AppDelegate.swift; sourceTree = "<group>"; };
		BC80C482285E148D0038F41B /* SceneDelegate.swift */ = {isa = PBXFileReference; lastKnownFileType = sourcecode.swift; path = SceneDelegate.swift; sourceTree = "<group>"; };
		BC80C484285E148D0038F41B /* FirstScreenVC.swift */ = {isa = PBXFileReference; lastKnownFileType = sourcecode.swift; path = FirstScreenVC.swift; sourceTree = "<group>"; };
		BC80C489285E14900038F41B /* Assets.xcassets */ = {isa = PBXFileReference; lastKnownFileType = folder.assetcatalog; path = Assets.xcassets; sourceTree = "<group>"; };
		BC80C48C285E14900038F41B /* Base */ = {isa = PBXFileReference; lastKnownFileType = file.storyboard; name = Base; path = Base.lproj/LaunchScreen.storyboard; sourceTree = "<group>"; };
		BC80C48E285E14900038F41B /* Info.plist */ = {isa = PBXFileReference; lastKnownFileType = text.plist.xml; path = Info.plist; sourceTree = "<group>"; };
		BC80C494285E15960038F41B /* SecondScreenVC.swift */ = {isa = PBXFileReference; lastKnownFileType = sourcecode.swift; path = SecondScreenVC.swift; sourceTree = "<group>"; };
		BC80C498285E1C2F0038F41B /* InitialNavController.swift */ = {isa = PBXFileReference; lastKnownFileType = sourcecode.swift; path = InitialNavController.swift; sourceTree = "<group>"; };
		BC80C49C285E1E490038F41B /* FirstScreenButton.swift */ = {isa = PBXFileReference; lastKnownFileType = sourcecode.swift; path = FirstScreenButton.swift; sourceTree = "<group>"; };
		BC80C49F285E22F30038F41B /* UIView+Ext.swift */ = {isa = PBXFileReference; lastKnownFileType = sourcecode.swift; path = "UIView+Ext.swift"; sourceTree = "<group>"; };
/* End PBXFileReference section */

/* Begin PBXFrameworksBuildPhase section */
		BC80C47A285E148D0038F41B /* Frameworks */ = {
			isa = PBXFrameworksBuildPhase;
			buildActionMask = 2147483647;
			files = (
			);
			runOnlyForDeploymentPostprocessing = 0;
		};
/* End PBXFrameworksBuildPhase section */

/* Begin PBXGroup section */
		BC80C474285E148D0038F41B = {
			isa = PBXGroup;
			children = (
				BC80C47F285E148D0038F41B /* GCD_test_one */,
				BC80C47E285E148D0038F41B /* Products */,
			);
			sourceTree = "<group>";
		};
		BC80C47E285E148D0038F41B /* Products */ = {
			isa = PBXGroup;
			children = (
				BC80C47D285E148D0038F41B /* GCD_test_one.app */,
			);
			name = Products;
			sourceTree = "<group>";
		};
		BC80C47F285E148D0038F41B /* GCD_test_one */ = {
			isa = PBXGroup;
			children = (
				BC80C496285E15A60038F41B /* Screens */,
				BC80C49A285E1C470038F41B /* Custom Views */,
				BC80C4A1285E23090038F41B /* Extensions */,
				BC80C497285E15EA0038F41B /* Support */,
				BC80C489285E14900038F41B /* Assets.xcassets */,
				BC80C48B285E14900038F41B /* LaunchScreen.storyboard */,
				BC80C48E285E14900038F41B /* Info.plist */,
			);
			path = GCD_test_one;
			sourceTree = "<group>";
		};
		BC80C496285E15A60038F41B /* Screens */ = {
			isa = PBXGroup;
			children = (
				BC80C484285E148D0038F41B /* FirstScreenVC.swift */,
				BC80C494285E15960038F41B /* SecondScreenVC.swift */,
			);
			path = Screens;
			sourceTree = "<group>";
		};
		BC80C497285E15EA0038F41B /* Support */ = {
			isa = PBXGroup;
			children = (
				BC80C480285E148D0038F41B /* AppDelegate.swift */,
				BC80C482285E148D0038F41B /* SceneDelegate.swift */,
			);
			path = Support;
			sourceTree = "<group>";
		};
		BC80C49A285E1C470038F41B /* Custom Views */ = {
			isa = PBXGroup;
			children = (
				BC80C49B285E1C5B0038F41B /* Navigation Controllers */,
				BC80C49E285E1E5D0038F41B /* Buttons */,
			);
			path = "Custom Views";
			sourceTree = "<group>";
		};
		BC80C49B285E1C5B0038F41B /* Navigation Controllers */ = {
			isa = PBXGroup;
			children = (
				BC80C498285E1C2F0038F41B /* InitialNavController.swift */,
			);
			path = "Navigation Controllers";
			sourceTree = "<group>";
		};
		BC80C49E285E1E5D0038F41B /* Buttons */ = {
			isa = PBXGroup;
			children = (
				BC80C49C285E1E490038F41B /* FirstScreenButton.swift */,
			);
			path = Buttons;
			sourceTree = "<group>";
		};
		BC80C4A1285E23090038F41B /* Extensions */ = {
			isa = PBXGroup;
			children = (
				BC80C49F285E22F30038F41B /* UIView+Ext.swift */,
			);
			path = Extensions;
			sourceTree = "<group>";
		};
/* End PBXGroup section */

/* Begin PBXNativeTarget section */
		BC80C47C285E148D0038F41B /* GCD_test_one */ = {
			isa = PBXNativeTarget;
			buildConfigurationList = BC80C491285E14900038F41B /* Build configuration list for PBXNativeTarget "GCD_test_one" */;
			buildPhases = (
				BC80C479285E148D0038F41B /* Sources */,
				BC80C47A285E148D0038F41B /* Frameworks */,
				BC80C47B285E148D0038F41B /* Resources */,
			);
			buildRules = (
			);
			dependencies = (
			);
			name = GCD_test_one;
			productName = GCD_test_one;
			productReference = BC80C47D285E148D0038F41B /* GCD_test_one.app */;
			productType = "com.apple.product-type.application";
		};
/* End PBXNativeTarget section */

/* Begin PBXProject section */
		BC80C475285E148D0038F41B /* Project object */ = {
			isa = PBXProject;
			attributes = {
				BuildIndependentTargetsInParallel = 1;
				LastSwiftUpdateCheck = 1320;
				LastUpgradeCheck = 1320;
				TargetAttributes = {
					BC80C47C285E148D0038F41B = {
						CreatedOnToolsVersion = 13.2.1;
					};
				};
			};
			buildConfigurationList = BC80C478285E148D0038F41B /* Build configuration list for PBXProject "GCD_test_one" */;
			compatibilityVersion = "Xcode 13.0";
			developmentRegion = en;
			hasScannedForEncodings = 0;
			knownRegions = (
				en,
				Base,
			);
			mainGroup = BC80C474285E148D0038F41B;
			productRefGroup = BC80C47E285E148D0038F41B /* Products */;
			projectDirPath = "";
			projectRoot = "";
			targets = (
				BC80C47C285E148D0038F41B /* GCD_test_one */,
			);
		};
/* End PBXProject section */

/* Begin PBXResourcesBuildPhase section */
		BC80C47B285E148D0038F41B /* Resources */ = {
			isa = PBXResourcesBuildPhase;
			buildActionMask = 2147483647;
			files = (
				BC80C48D285E14900038F41B /* LaunchScreen.storyboard in Resources */,
				BC80C48A285E14900038F41B /* Assets.xcassets in Resources */,
			);
			runOnlyForDeploymentPostprocessing = 0;
		};
/* End PBXResourcesBuildPhase section */

/* Begin PBXSourcesBuildPhase section */
		BC80C479285E148D0038F41B /* Sources */ = {
			isa = PBXSourcesBuildPhase;
			buildActionMask = 2147483647;
			files = (
				BC80C499285E1C2F0038F41B /* InitialNavController.swift in Sources */,
				BC80C495285E15960038F41B /* SecondScreenVC.swift in Sources */,
				BC80C49D285E1E490038F41B /* FirstScreenButton.swift in Sources */,
				BC80C485285E148D0038F41B /* FirstScreenVC.swift in Sources */,
				BC80C4A0285E22F30038F41B /* UIView+Ext.swift in Sources */,
				BC80C481285E148D0038F41B /* AppDelegate.swift in Sources */,
				BC80C483285E148D0038F41B /* SceneDelegate.swift in Sources */,
			);
			runOnlyForDeploymentPostprocessing = 0;
		};
/* End PBXSourcesBuildPhase section */

/* Begin PBXVariantGroup section */
		BC80C48B285E14900038F41B /* LaunchScreen.storyboard */ = {
			isa = PBXVariantGroup;
			children = (
				BC80C48C285E14900038F41B /* Base */,
			);
			name = LaunchScreen.storyboard;
			sourceTree = "<group>";
		};
/* End PBXVariantGroup section */

/* Begin XCBuildConfiguration section */
		BC80C48F285E14900038F41B /* Debug */ = {
			isa = XCBuildConfiguration;
			buildSettings = {
				ALWAYS_SEARCH_USER_PATHS = NO;
				CLANG_ANALYZER_NONNULL = YES;
				CLANG_ANALYZER_NUMBER_OBJECT_CONVERSION = YES_AGGRESSIVE;
				CLANG_CXX_LANGUAGE_STANDARD = "gnu++17";
				CLANG_CXX_LIBRARY = "libc++";
				CLANG_ENABLE_MODULES = YES;
				CLANG_ENABLE_OBJC_ARC = YES;
				CLANG_ENABLE_OBJC_WEAK = YES;
				CLANG_WARN_BLOCK_CAPTURE_AUTORELEASING = YES;
				CLANG_WARN_BOOL_CONVERSION = YES;
				CLANG_WARN_COMMA = YES;
				CLANG_WARN_CONSTANT_CONVERSION = YES;
				CLANG_WARN_DEPRECATED_OBJC_IMPLEMENTATIONS = YES;
				CLANG_WARN_DIRECT_OBJC_ISA_USAGE = YES_ERROR;
				CLANG_WARN_DOCUMENTATION_COMMENTS = YES;
				CLANG_WARN_EMPTY_BODY = YES;
				CLANG_WARN_ENUM_CONVERSION = YES;
				CLANG_WARN_INFINITE_RECURSION = YES;
				CLANG_WARN_INT_CONVERSION = YES;
				CLANG_WARN_NON_LITERAL_NULL_CONVERSION = YES;
				CLANG_WARN_OBJC_IMPLICIT_RETAIN_SELF = YES;
				CLANG_WARN_OBJC_LITERAL_CONVERSION = YES;
				CLANG_WARN_OBJC_ROOT_CLASS = YES_ERROR;
				CLANG_WARN_QUOTED_INCLUDE_IN_FRAMEWORK_HEADER = YES;
				CLANG_WARN_RANGE_LOOP_ANALYSIS = YES;
				CLANG_WARN_STRICT_PROTOTYPES = YES;
				CLANG_WARN_SUSPICIOUS_MOVE = YES;
				CLANG_WARN_UNGUARDED_AVAILABILITY = YES_AGGRESSIVE;
				CLANG_WARN_UNREACHABLE_CODE = YES;
				CLANG_WARN__DUPLICATE_METHOD_MATCH = YES;
				COPY_PHASE_STRIP = NO;
				DEBUG_INFORMATION_FORMAT = dwarf;
				ENABLE_STRICT_OBJC_MSGSEND = YES;
				ENABLE_TESTABILITY = YES;
				GCC_C_LANGUAGE_STANDARD = gnu11;
				GCC_DYNAMIC_NO_PIC = NO;
				GCC_NO_COMMON_BLOCKS = YES;
				GCC_OPTIMIZATION_LEVEL = 0;
				GCC_PREPROCESSOR_DEFINITIONS = (
					"DEBUG=1",
					"$(inherited)",
				);
				GCC_WARN_64_TO_32_BIT_CONVERSION = YES;
				GCC_WARN_ABOUT_RETURN_TYPE = YES_ERROR;
				GCC_WARN_UNDECLARED_SELECTOR = YES;
				GCC_WARN_UNINITIALIZED_AUTOS = YES_AGGRESSIVE;
				GCC_WARN_UNUSED_FUNCTION = YES;
				GCC_WARN_UNUSED_VARIABLE = YES;
				IPHONEOS_DEPLOYMENT_TARGET = 15.2;
				MTL_ENABLE_DEBUG_INFO = INCLUDE_SOURCE;
				MTL_FAST_MATH = YES;
				ONLY_ACTIVE_ARCH = YES;
				SDKROOT = iphoneos;
				SWIFT_ACTIVE_COMPILATION_CONDITIONS = DEBUG;
				SWIFT_OPTIMIZATION_LEVEL = "-Onone";
			};
			name = Debug;
		};
		BC80C490285E14900038F41B /* Release */ = {
			isa = XCBuildConfiguration;
			buildSettings = {
				ALWAYS_SEARCH_USER_PATHS = NO;
				CLANG_ANALYZER_NONNULL = YES;
				CLANG_ANALYZER_NUMBER_OBJECT_CONVERSION = YES_AGGRESSIVE;
				CLANG_CXX_LANGUAGE_STANDARD = "gnu++17";
				CLANG_CXX_LIBRARY = "libc++";
				CLANG_ENABLE_MODULES = YES;
				CLANG_ENABLE_OBJC_ARC = YES;
				CLANG_ENABLE_OBJC_WEAK = YES;
				CLANG_WARN_BLOCK_CAPTURE_AUTORELEASING = YES;
				CLANG_WARN_BOOL_CONVERSION = YES;
				CLANG_WARN_COMMA = YES;
				CLANG_WARN_CONSTANT_CONVERSION = YES;
				CLANG_WARN_DEPRECATED_OBJC_IMPLEMENTATIONS = YES;
				CLANG_WARN_DIRECT_OBJC_ISA_USAGE = YES_ERROR;
				CLANG_WARN_DOCUMENTATION_COMMENTS = YES;
				CLANG_WARN_EMPTY_BODY = YES;
				CLANG_WARN_ENUM_CONVERSION = YES;
				CLANG_WARN_INFINITE_RECURSION = YES;
				CLANG_WARN_INT_CONVERSION = YES;
				CLANG_WARN_NON_LITERAL_NULL_CONVERSION = YES;
				CLANG_WARN_OBJC_IMPLICIT_RETAIN_SELF = YES;
				CLANG_WARN_OBJC_LITERAL_CONVERSION = YES;
				CLANG_WARN_OBJC_ROOT_CLASS = YES_ERROR;
				CLANG_WARN_QUOTED_INCLUDE_IN_FRAMEWORK_HEADER = YES;
				CLANG_WARN_RANGE_LOOP_ANALYSIS = YES;
				CLANG_WARN_STRICT_PROTOTYPES = YES;
				CLANG_WARN_SUSPICIOUS_MOVE = YES;
				CLANG_WARN_UNGUARDED_AVAILABILITY = YES_AGGRESSIVE;
				CLANG_WARN_UNREACHABLE_CODE = YES;
				CLANG_WARN__DUPLICATE_METHOD_MATCH = YES;
				COPY_PHASE_STRIP = NO;
				DEBUG_INFORMATION_FORMAT = "dwarf-with-dsym";
				ENABLE_NS_ASSERTIONS = NO;
				ENABLE_STRICT_OBJC_MSGSEND = YES;
				GCC_C_LANGUAGE_STANDARD = gnu11;
				GCC_NO_COMMON_BLOCKS = YES;
				GCC_WARN_64_TO_32_BIT_CONVERSION = YES;
				GCC_WARN_ABOUT_RETURN_TYPE = YES_ERROR;
				GCC_WARN_UNDECLARED_SELECTOR = YES;
				GCC_WARN_UNINITIALIZED_AUTOS = YES_AGGRESSIVE;
				GCC_WARN_UNUSED_FUNCTION = YES;
				GCC_WARN_UNUSED_VARIABLE = YES;
				IPHONEOS_DEPLOYMENT_TARGET = 15.2;
				MTL_ENABLE_DEBUG_INFO = NO;
				MTL_FAST_MATH = YES;
				SDKROOT = iphoneos;
				SWIFT_COMPILATION_MODE = wholemodule;
				SWIFT_OPTIMIZATION_LEVEL = "-O";
				VALIDATE_PRODUCT = YES;
			};
			name = Release;
		};
		BC80C492285E14900038F41B /* Debug */ = {
			isa = XCBuildConfiguration;
			buildSettings = {
				ASSETCATALOG_COMPILER_APPICON_NAME = AppIcon;
				ASSETCATALOG_COMPILER_GLOBAL_ACCENT_COLOR_NAME = AccentColor;
				CODE_SIGN_STYLE = Automatic;
				CURRENT_PROJECT_VERSION = 1;
				DEVELOPMENT_TEAM = K33FXWL25N;
				GENERATE_INFOPLIST_FILE = YES;
				INFOPLIST_FILE = GCD_test_one/Info.plist;
				INFOPLIST_KEY_UIApplicationSupportsIndirectInputEvents = YES;
				INFOPLIST_KEY_UILaunchStoryboardName = LaunchScreen;
				INFOPLIST_KEY_UISupportedInterfaceOrientations_iPad = "UIInterfaceOrientationPortrait UIInterfaceOrientationPortraitUpsideDown UIInterfaceOrientationLandscapeLeft UIInterfaceOrientationLandscapeRight";
				INFOPLIST_KEY_UISupportedInterfaceOrientations_iPhone = "UIInterfaceOrientationPortrait UIInterfaceOrientationLandscapeLeft UIInterfaceOrientationLandscapeRight";
				LD_RUNPATH_SEARCH_PATHS = (
					"$(inherited)",
					"@executable_path/Frameworks",
				);
				MARKETING_VERSION = 1.0;
				PRODUCT_BUNDLE_IDENTIFIER = "co.AOS.GCD-test-one";
				PRODUCT_NAME = "$(TARGET_NAME)";
				SWIFT_EMIT_LOC_STRINGS = YES;
				SWIFT_VERSION = 5.0;
				TARGETED_DEVICE_FAMILY = "1,2";
			};
			name = Debug;
		};
		BC80C493285E14900038F41B /* Release */ = {
			isa = XCBuildConfiguration;
			buildSettings = {
				ASSETCATALOG_COMPILER_APPICON_NAME = AppIcon;
				ASSETCATALOG_COMPILER_GLOBAL_ACCENT_COLOR_NAME = AccentColor;
				CODE_SIGN_STYLE = Automatic;
				CURRENT_PROJECT_VERSION = 1;
				DEVELOPMENT_TEAM = K33FXWL25N;
				GENERATE_INFOPLIST_FILE = YES;
				INFOPLIST_FILE = GCD_test_one/Info.plist;
				INFOPLIST_KEY_UIApplicationSupportsIndirectInputEvents = YES;
				INFOPLIST_KEY_UILaunchStoryboardName = LaunchScreen;
				INFOPLIST_KEY_UISupportedInterfaceOrientations_iPad = "UIInterfaceOrientationPortrait UIInterfaceOrientationPortraitUpsideDown UIInterfaceOrientationLandscapeLeft UIInterfaceOrientationLandscapeRight";
				INFOPLIST_KEY_UISupportedInterfaceOrientations_iPhone = "UIInterfaceOrientationPortrait UIInterfaceOrientationLandscapeLeft UIInterfaceOrientationLandscapeRight";
				LD_RUNPATH_SEARCH_PATHS = (
					"$(inherited)",
					"@executable_path/Frameworks",
				);
				MARKETING_VERSION = 1.0;
				PRODUCT_BUNDLE_IDENTIFIER = "co.AOS.GCD-test-one";
				PRODUCT_NAME = "$(TARGET_NAME)";
				SWIFT_EMIT_LOC_STRINGS = YES;
				SWIFT_VERSION = 5.0;
				TARGETED_DEVICE_FAMILY = "1,2";
			};
			name = Release;
		};
/* End XCBuildConfiguration section */

/* Begin XCConfigurationList section */
		BC80C478285E148D0038F41B /* Build configuration list for PBXProject "GCD_test_one" */ = {
			isa = XCConfigurationList;
			buildConfigurations = (
				BC80C48F285E14900038F41B /* Debug */,
				BC80C490285E14900038F41B /* Release */,
			);
			defaultConfigurationIsVisible = 0;
			defaultConfigurationName = Release;
		};
		BC80C491285E14900038F41B /* Build configuration list for PBXNativeTarget "GCD_test_one" */ = {
			isa = XCConfigurationList;
			buildConfigurations = (
				BC80C492285E14900038F41B /* Debug */,
				BC80C493285E14900038F41B /* Release */,
			);
			defaultConfigurationIsVisible = 0;
			defaultConfigurationName = Release;
		};
/* End XCConfigurationList section */
	};
	rootObject = BC80C475285E148D0038F41B /* Project object */;
}
